
Microsoft Visual Studio Solution File, Format Version 12.00
# Visual Studio Version 16
VisualStudioVersion = 16.0.30717.126
MinimumVisualStudioVersion = 10.0.40219.1
Project("{FAE04EC0-301F-11D3-BF4B-00C04F79EFBC}") = "AzkaryApp", "AzkaryApp.csproj", "{9A79BD28-A565-4EDD-A6D4-C6685B3BE616}"
EndProject
Global
	GlobalSection(SolutionConfigurationPlatforms) = preSolution
		Debug|Any CPU = Debug|Any CPU
		Release|Any CPU = Release|Any CPU
	EndGlobalSection
	GlobalSection(ProjectConfigurationPlatforms) = postSolution
		{9A79BD28-A565-4EDD-A6D4-C6685B3BE616}.Debug|Any CPU.ActiveCfg = Debug|Any CPU
		{9A79BD28-A565-4EDD-A6D4-C6685B3BE616}.Debug|Any CPU.Build.0 = Debug|Any CPU
		{9A79BD28-A565-4EDD-A6D4-C6685B3BE616}.Debug|Any CPU.Deploy.0 = Debug|Any CPU
		{9A79BD28-A565-4EDD-A6D4-C6685B3BE616}.Release|Any CPU.ActiveCfg = Release|Any CPU
		{9A79BD28-A565-4EDD-A6D4-C6685B3BE616}.Release|Any CPU.Build.0 = Release|Any CPU
		{9A79BD28-A565-4EDD-A6D4-C6685B3BE616}.Release|Any CPU.Deploy.0 = Release|Any CPU
	EndGlobalSection
	GlobalSection(SolutionProperties) = preSolution
		HideSolutionNode = FALSE
	EndGlobalSection
	GlobalSection(ExtensibilityGlobals) = postSolution
		SolutionGuid = {6008970C-044C-4942-8E03-CAB0E56EAC35}
	EndGlobalSection
EndGlobal
